// !$*UTF8*$!
{
	archiveVersion = 1;
	classes = {
	};
	objectVersion = 46;
	objects = {

/* Begin PBXBuildFile section */
		CB0C65D219DDACC50046837A /* SWRevealViewController.m in Sources */ = {isa = PBXBuildFile; fileRef = CB0C65D019DDACC50046837A /* SWRevealViewController.m */; };
		CB0C65D819DEA49D0046837A /* LeftMenuViewController.m in Sources */ = {isa = PBXBuildFile; fileRef = CB0C65D719DEA49D0046837A /* LeftMenuViewController.m */; };
		CB14E73119E9908B00546F1A /* libscanditsdk-iphone-4.2.1.a in Frameworks */ = {isa = PBXBuildFile; fileRef = CB14E73019E9908B00546F1A /* libscanditsdk-iphone-4.2.1.a */; };
		CB243F2519DC2C1000E73DF4 /* CFNetwork.framework in Frameworks */ = {isa = PBXBuildFile; fileRef = CB243F2419DC2C1000E73DF4 /* CFNetwork.framework */; };
		CB243F2719DC2C2000E73DF4 /* MobileCoreServices.framework in Frameworks */ = {isa = PBXBuildFile; fileRef = CB243F2619DC2C2000E73DF4 /* MobileCoreServices.framework */; };
		CB243FA419DC4A0900E73DF4 /* Parse.framework in Frameworks */ = {isa = PBXBuildFile; fileRef = CB243FA119DC4A0900E73DF4 /* Parse.framework */; };
		CB243FA719DC4AA800E73DF4 /* Security.framework in Frameworks */ = {isa = PBXBuildFile; fileRef = CB243FA619DC4AA800E73DF4 /* Security.framework */; };
		CB243FA919DC4AAE00E73DF4 /* StoreKit.framework in Frameworks */ = {isa = PBXBuildFile; fileRef = CB243FA819DC4AAE00E73DF4 /* StoreKit.framework */; };
		CB243FAB19DC4CDE00E73DF4 /* ParseFacebookUtils.framework in Frameworks */ = {isa = PBXBuildFile; fileRef = CB243FAA19DC4CDE00E73DF4 /* ParseFacebookUtils.framework */; };
		CB243FB119DC4DBC00E73DF4 /* Social.framework in Frameworks */ = {isa = PBXBuildFile; fileRef = CB243FB019DC4DBC00E73DF4 /* Social.framework */; };
		CB243FB319DC4DF100E73DF4 /* Accounts.framework in Frameworks */ = {isa = PBXBuildFile; fileRef = CB243FB219DC4DF100E73DF4 /* Accounts.framework */; };
		CB243FB519DC4EAF00E73DF4 /* FacebookSDK.framework in Frameworks */ = {isa = PBXBuildFile; fileRef = CB243FB419DC4EAF00E73DF4 /* FacebookSDK.framework */; };
		CB6274D819E2D95500A9C4BB /* PTC75F.ttf in Resources */ = {isa = PBXBuildFile; fileRef = CB6274D719E2D93E00A9C4BB /* PTC75F.ttf */; };
		CB7D389D19DA8F8F006182EC /* main.m in Sources */ = {isa = PBXBuildFile; fileRef = CB7D389C19DA8F8F006182EC /* main.m */; };
		CB7D38A019DA8F8F006182EC /* AppDelegate.m in Sources */ = {isa = PBXBuildFile; fileRef = CB7D389F19DA8F8F006182EC /* AppDelegate.m */; };
		CB7D38A319DA8F8F006182EC /* MainViewController.m in Sources */ = {isa = PBXBuildFile; fileRef = CB7D38A219DA8F8F006182EC /* MainViewController.m */; };
		CB7D38A619DA8F8F006182EC /* Main.storyboard in Resources */ = {isa = PBXBuildFile; fileRef = CB7D38A419DA8F8F006182EC /* Main.storyboard */; };
		CB7D38A819DA8F8F006182EC /* Images.xcassets in Resources */ = {isa = PBXBuildFile; fileRef = CB7D38A719DA8F8F006182EC /* Images.xcassets */; };
		CB7D38AB19DA8F8F006182EC /* LaunchScreen.xib in Resources */ = {isa = PBXBuildFile; fileRef = CB7D38A919DA8F8F006182EC /* LaunchScreen.xib */; };
		CB7D38B719DA8F8F006182EC /* helpDeskObjCTests.m in Sources */ = {isa = PBXBuildFile; fileRef = CB7D38B619DA8F8F006182EC /* helpDeskObjCTests.m */; };
		CB7D38D919DABA58006182EC /* beep.wav in Resources */ = {isa = PBXBuildFile; fileRef = CB7D38C119DABA58006182EC /* beep.wav */; };
		CB7D38DA19DABA58006182EC /* camera-swap-icon-pressed.png in Resources */ = {isa = PBXBuildFile; fileRef = CB7D38C219DABA58006182EC /* camera-swap-icon-pressed.png */; };
		CB7D38DB19DABA58006182EC /* camera-swap-icon-pressed@2x.png in Resources */ = {isa = PBXBuildFile; fileRef = CB7D38C319DABA58006182EC /* camera-swap-icon-pressed@2x.png */; };
		CB7D38DC19DABA58006182EC /* camera-swap-icon.png in Resources */ = {isa = PBXBuildFile; fileRef = CB7D38C419DABA58006182EC /* camera-swap-icon.png */; };
		CB7D38DD19DABA58006182EC /* camera-swap-icon@2x.png in Resources */ = {isa = PBXBuildFile; fileRef = CB7D38C519DABA58006182EC /* camera-swap-icon@2x.png */; };
		CB7D38DE19DABA58006182EC /* CHANGELOG.txt in Resources */ = {isa = PBXBuildFile; fileRef = CB7D38C619DABA58006182EC /* CHANGELOG.txt */; };
		CB7D38DF19DABA58006182EC /* scanditsdk.strings in Resources */ = {isa = PBXBuildFile; fileRef = CB7D38C719DABA58006182EC /* scanditsdk.strings */; };
		CB7D38E019DABA58006182EC /* empty.cpp in Sources */ = {isa = PBXBuildFile; fileRef = CB7D38C919DABA58006182EC /* empty.cpp */; };
		CB7D38E119DABA58006182EC /* flashlight-turn-off-icon-pressed.png in Resources */ = {isa = PBXBuildFile; fileRef = CB7D38CB19DABA58006182EC /* flashlight-turn-off-icon-pressed.png */; };
		CB7D38E219DABA58006182EC /* flashlight-turn-off-icon-pressed@2x.png in Resources */ = {isa = PBXBuildFile; fileRef = CB7D38CC19DABA58006182EC /* flashlight-turn-off-icon-pressed@2x.png */; };
		CB7D38E319DABA58006182EC /* flashlight-turn-off-icon.png in Resources */ = {isa = PBXBuildFile; fileRef = CB7D38CD19DABA58006182EC /* flashlight-turn-off-icon.png */; };
		CB7D38E419DABA58006182EC /* flashlight-turn-off-icon@2x.png in Resources */ = {isa = PBXBuildFile; fileRef = CB7D38CE19DABA58006182EC /* flashlight-turn-off-icon@2x.png */; };
		CB7D38E519DABA58006182EC /* flashlight-turn-on-icon-pressed.png in Resources */ = {isa = PBXBuildFile; fileRef = CB7D38CF19DABA58006182EC /* flashlight-turn-on-icon-pressed.png */; };
		CB7D38E619DABA58006182EC /* flashlight-turn-on-icon-pressed@2x.png in Resources */ = {isa = PBXBuildFile; fileRef = CB7D38D019DABA58006182EC /* flashlight-turn-on-icon-pressed@2x.png */; };
		CB7D38E719DABA58006182EC /* flashlight-turn-on-icon.png in Resources */ = {isa = PBXBuildFile; fileRef = CB7D38D119DABA58006182EC /* flashlight-turn-on-icon.png */; };
		CB7D38E819DABA58006182EC /* flashlight-turn-on-icon@2x.png in Resources */ = {isa = PBXBuildFile; fileRef = CB7D38D219DABA58006182EC /* flashlight-turn-on-icon@2x.png */; };
		CB7D38EA19DABA58006182EC /* LICENSE-2.0.txt in Resources */ = {isa = PBXBuildFile; fileRef = CB7D38D419DABA58006182EC /* LICENSE-2.0.txt */; };
		CB7D38EB19DABA58006182EC /* poweredby.png in Resources */ = {isa = PBXBuildFile; fileRef = CB7D38D519DABA58006182EC /* poweredby.png */; };
		CB7D38EC19DABA58006182EC /* poweredby@2x.png in Resources */ = {isa = PBXBuildFile; fileRef = CB7D38D619DABA58006182EC /* poweredby@2x.png */; };
		CB7D38EE19DABABC006182EC /* libc++.dylib in Frameworks */ = {isa = PBXBuildFile; fileRef = CB7D38ED19DABABC006182EC /* libc++.dylib */; };
		CB7D38F019DABAC6006182EC /* libiconv.dylib in Frameworks */ = {isa = PBXBuildFile; fileRef = CB7D38EF19DABAC6006182EC /* libiconv.dylib */; };
		CB7D38F219DABACD006182EC /* CoreVideo.framework in Frameworks */ = {isa = PBXBuildFile; fileRef = CB7D38F119DABACD006182EC /* CoreVideo.framework */; };
		CB7D38F419DABAD2006182EC /* UIKit.framework in Frameworks */ = {isa = PBXBuildFile; fileRef = CB7D38F319DABAD2006182EC /* UIKit.framework */; };
		CB7D38F619DABADB006182EC /* Foundation.framework in Frameworks */ = {isa = PBXBuildFile; fileRef = CB7D38F519DABADB006182EC /* Foundation.framework */; };
		CB7D38F819DABAE3006182EC /* CoreGraphics.framework in Frameworks */ = {isa = PBXBuildFile; fileRef = CB7D38F719DABAE3006182EC /* CoreGraphics.framework */; };
		CB7D38FA19DABAEB006182EC /* AudioToolbox.framework in Frameworks */ = {isa = PBXBuildFile; fileRef = CB7D38F919DABAEB006182EC /* AudioToolbox.framework */; };
		CB7D38FC19DABAFA006182EC /* libz.dylib in Frameworks */ = {isa = PBXBuildFile; fileRef = CB7D38FB19DABAFA006182EC /* libz.dylib */; };
		CB7D38FE19DABB07006182EC /* AVFoundation.framework in Frameworks */ = {isa = PBXBuildFile; fileRef = CB7D38FD19DABB07006182EC /* AVFoundation.framework */; };
		CB7D390019DABB10006182EC /* CoreMedia.framework in Frameworks */ = {isa = PBXBuildFile; fileRef = CB7D38FF19DABB10006182EC /* CoreMedia.framework */; };
		CB7D390219DABB18006182EC /* QuartzCore.framework in Frameworks */ = {isa = PBXBuildFile; fileRef = CB7D390119DABB18006182EC /* QuartzCore.framework */; };
		CB7D390419DABB20006182EC /* CoreLocation.framework in Frameworks */ = {isa = PBXBuildFile; fileRef = CB7D390319DABB20006182EC /* CoreLocation.framework */; };
		CB7D390619DABB2A006182EC /* SystemConfiguration.framework in Frameworks */ = {isa = PBXBuildFile; fileRef = CB7D390519DABB2A006182EC /* SystemConfiguration.framework */; };
		CB8823EB19DD464C00E41F21 /* IssuesListViewController.m in Sources */ = {isa = PBXBuildFile; fileRef = CB8823EA19DD464C00E41F21 /* IssuesListViewController.m */; };
/* End PBXBuildFile section */

/* Begin PBXContainerItemProxy section */
		CB7D38B119DA8F8F006182EC /* PBXContainerItemProxy */ = {
			isa = PBXContainerItemProxy;
			containerPortal = CB7D388F19DA8F8F006182EC /* Project object */;
			proxyType = 1;
			remoteGlobalIDString = CB7D389619DA8F8F006182EC;
			remoteInfo = helpDeskObjC;
		};
/* End PBXContainerItemProxy section */

/* Begin PBXFileReference section */
		CB0C65D019DDACC50046837A /* SWRevealViewController.m */ = {isa = PBXFileReference; fileEncoding = 4; lastKnownFileType = sourcecode.c.objc; path = SWRevealViewController.m; sourceTree = "<group>"; };
		CB0C65D119DDACC50046837A /* SWRevealViewController.h */ = {isa = PBXFileReference; fileEncoding = 4; lastKnownFileType = sourcecode.c.h; path = SWRevealViewController.h; sourceTree = "<group>"; };
		CB0C65D619DEA49D0046837A /* LeftMenuViewController.h */ = {isa = PBXFileReference; fileEncoding = 4; lastKnownFileType = sourcecode.c.h; path = LeftMenuViewController.h; sourceTree = "<group>"; };
		CB0C65D719DEA49D0046837A /* LeftMenuViewController.m */ = {isa = PBXFileReference; fileEncoding = 4; lastKnownFileType = sourcecode.c.objc; path = LeftMenuViewController.m; sourceTree = "<group>"; };
		CB14E73019E9908B00546F1A /* libscanditsdk-iphone-4.2.1.a */ = {isa = PBXFileReference; lastKnownFileType = archive.ar; path = "libscanditsdk-iphone-4.2.1.a"; sourceTree = "<group>"; };
		CB243F2419DC2C1000E73DF4 /* CFNetwork.framework */ = {isa = PBXFileReference; lastKnownFileType = wrapper.framework; name = CFNetwork.framework; path = System/Library/Frameworks/CFNetwork.framework; sourceTree = SDKROOT; };
		CB243F2619DC2C2000E73DF4 /* MobileCoreServices.framework */ = {isa = PBXFileReference; lastKnownFileType = wrapper.framework; name = MobileCoreServices.framework; path = System/Library/Frameworks/MobileCoreServices.framework; sourceTree = SDKROOT; };
		CB243FA019DC4A0900E73DF4 /* Bolts.framework */ = {isa = PBXFileReference; lastKnownFileType = wrapper.framework; path = Bolts.framework; sourceTree = "<group>"; };
		CB243FA119DC4A0900E73DF4 /* Parse.framework */ = {isa = PBXFileReference; lastKnownFileType = wrapper.framework; path = Parse.framework; sourceTree = "<group>"; };
		CB243FA619DC4AA800E73DF4 /* Security.framework */ = {isa = PBXFileReference; lastKnownFileType = wrapper.framework; name = Security.framework; path = System/Library/Frameworks/Security.framework; sourceTree = SDKROOT; };
		CB243FA819DC4AAE00E73DF4 /* StoreKit.framework */ = {isa = PBXFileReference; lastKnownFileType = wrapper.framework; name = StoreKit.framework; path = System/Library/Frameworks/StoreKit.framework; sourceTree = SDKROOT; };
		CB243FAA19DC4CDE00E73DF4 /* ParseFacebookUtils.framework */ = {isa = PBXFileReference; lastKnownFileType = wrapper.framework; path = ParseFacebookUtils.framework; sourceTree = "<group>"; };
		CB243FAE19DC4D6C00E73DF4 /* Twitter.framework */ = {isa = PBXFileReference; lastKnownFileType = wrapper.framework; name = Twitter.framework; path = System/Library/Frameworks/Twitter.framework; sourceTree = SDKROOT; };
		CB243FB019DC4DBC00E73DF4 /* Social.framework */ = {isa = PBXFileReference; lastKnownFileType = wrapper.framework; name = Social.framework; path = System/Library/Frameworks/Social.framework; sourceTree = SDKROOT; };
		CB243FB219DC4DF100E73DF4 /* Accounts.framework */ = {isa = PBXFileReference; lastKnownFileType = wrapper.framework; name = Accounts.framework; path = System/Library/Frameworks/Accounts.framework; sourceTree = SDKROOT; };
		CB243FB419DC4EAF00E73DF4 /* FacebookSDK.framework */ = {isa = PBXFileReference; lastKnownFileType = wrapper.framework; path = FacebookSDK.framework; sourceTree = "<group>"; };
		CB6274D719E2D93E00A9C4BB /* PTC75F.ttf */ = {isa = PBXFileReference; lastKnownFileType = file; path = PTC75F.ttf; sourceTree = "<group>"; };
		CB7D389719DA8F8F006182EC /* helpDeskObjC.app */ = {isa = PBXFileReference; explicitFileType = wrapper.application; includeInIndex = 0; path = helpDeskObjC.app; sourceTree = BUILT_PRODUCTS_DIR; };
		CB7D389B19DA8F8F006182EC /* Info.plist */ = {isa = PBXFileReference; lastKnownFileType = text.plist.xml; path = Info.plist; sourceTree = "<group>"; };
		CB7D389C19DA8F8F006182EC /* main.m */ = {isa = PBXFileReference; lastKnownFileType = sourcecode.c.objc; path = main.m; sourceTree = "<group>"; };
		CB7D389E19DA8F8F006182EC /* AppDelegate.h */ = {isa = PBXFileReference; lastKnownFileType = sourcecode.c.h; path = AppDelegate.h; sourceTree = "<group>"; };
		CB7D389F19DA8F8F006182EC /* AppDelegate.m */ = {isa = PBXFileReference; lastKnownFileType = sourcecode.c.objc; path = AppDelegate.m; sourceTree = "<group>"; };
		CB7D38A119DA8F8F006182EC /* MainViewController.h */ = {isa = PBXFileReference; lastKnownFileType = sourcecode.c.h; path = MainViewController.h; sourceTree = "<group>"; };
		CB7D38A219DA8F8F006182EC /* MainViewController.m */ = {isa = PBXFileReference; lastKnownFileType = sourcecode.c.objc; path = MainViewController.m; sourceTree = "<group>"; };
		CB7D38A519DA8F8F006182EC /* Base */ = {isa = PBXFileReference; lastKnownFileType = file.storyboard; name = Base; path = Base.lproj/Main.storyboard; sourceTree = "<group>"; };
		CB7D38A719DA8F8F006182EC /* Images.xcassets */ = {isa = PBXFileReference; lastKnownFileType = folder.assetcatalog; path = Images.xcassets; sourceTree = "<group>"; };
		CB7D38AA19DA8F8F006182EC /* Base */ = {isa = PBXFileReference; lastKnownFileType = file.xib; name = Base; path = Base.lproj/LaunchScreen.xib; sourceTree = "<group>"; };
		CB7D38B019DA8F8F006182EC /* helpDeskObjCTests.xctest */ = {isa = PBXFileReference; explicitFileType = wrapper.cfbundle; includeInIndex = 0; path = helpDeskObjCTests.xctest; sourceTree = BUILT_PRODUCTS_DIR; };
		CB7D38B519DA8F8F006182EC /* Info.plist */ = {isa = PBXFileReference; lastKnownFileType = text.plist.xml; path = Info.plist; sourceTree = "<group>"; };
		CB7D38B619DA8F8F006182EC /* helpDeskObjCTests.m */ = {isa = PBXFileReference; lastKnownFileType = sourcecode.c.objc; path = helpDeskObjCTests.m; sourceTree = "<group>"; };
		CB7D38C119DABA58006182EC /* beep.wav */ = {isa = PBXFileReference; lastKnownFileType = audio.wav; path = beep.wav; sourceTree = "<group>"; };
		CB7D38C219DABA58006182EC /* camera-swap-icon-pressed.png */ = {isa = PBXFileReference; lastKnownFileType = image.png; path = "camera-swap-icon-pressed.png"; sourceTree = "<group>"; };
		CB7D38C319DABA58006182EC /* camera-swap-icon-pressed@2x.png */ = {isa = PBXFileReference; lastKnownFileType = image.png; path = "camera-swap-icon-pressed@2x.png"; sourceTree = "<group>"; };
		CB7D38C419DABA58006182EC /* camera-swap-icon.png */ = {isa = PBXFileReference; lastKnownFileType = image.png; path = "camera-swap-icon.png"; sourceTree = "<group>"; };
		CB7D38C519DABA58006182EC /* camera-swap-icon@2x.png */ = {isa = PBXFileReference; lastKnownFileType = image.png; path = "camera-swap-icon@2x.png"; sourceTree = "<group>"; };
		CB7D38C619DABA58006182EC /* CHANGELOG.txt */ = {isa = PBXFileReference; fileEncoding = 4; lastKnownFileType = text; path = CHANGELOG.txt; sourceTree = "<group>"; };
		CB7D38C819DABA58006182EC /* de */ = {isa = PBXFileReference; lastKnownFileType = text.plist.strings; name = de; path = de.lproj/scanditsdk.strings; sourceTree = "<group>"; };
		CB7D38C919DABA58006182EC /* empty.cpp */ = {isa = PBXFileReference; fileEncoding = 4; lastKnownFileType = sourcecode.cpp.cpp; path = empty.cpp; sourceTree = "<group>"; };
		CB7D38CA19DABA58006182EC /* en */ = {isa = PBXFileReference; lastKnownFileType = text.plist.strings; name = en; path = en.lproj/scanditsdk.strings; sourceTree = "<group>"; };
		CB7D38CB19DABA58006182EC /* flashlight-turn-off-icon-pressed.png */ = {isa = PBXFileReference; lastKnownFileType = image.png; path = "flashlight-turn-off-icon-pressed.png"; sourceTree = "<group>"; };
		CB7D38CC19DABA58006182EC /* flashlight-turn-off-icon-pressed@2x.png */ = {isa = PBXFileReference; lastKnownFileType = image.png; path = "flashlight-turn-off-icon-pressed@2x.png"; sourceTree = "<group>"; };
		CB7D38CD19DABA58006182EC /* flashlight-turn-off-icon.png */ = {isa = PBXFileReference; lastKnownFileType = image.png; path = "flashlight-turn-off-icon.png"; sourceTree = "<group>"; };
		CB7D38CE19DABA58006182EC /* flashlight-turn-off-icon@2x.png */ = {isa = PBXFileReference; lastKnownFileType = image.png; path = "flashlight-turn-off-icon@2x.png"; sourceTree = "<group>"; };
		CB7D38CF19DABA58006182EC /* flashlight-turn-on-icon-pressed.png */ = {isa = PBXFileReference; lastKnownFileType = image.png; path = "flashlight-turn-on-icon-pressed.png"; sourceTree = "<group>"; };
		CB7D38D019DABA58006182EC /* flashlight-turn-on-icon-pressed@2x.png */ = {isa = PBXFileReference; lastKnownFileType = image.png; path = "flashlight-turn-on-icon-pressed@2x.png"; sourceTree = "<group>"; };
		CB7D38D119DABA58006182EC /* flashlight-turn-on-icon.png */ = {isa = PBXFileReference; lastKnownFileType = image.png; path = "flashlight-turn-on-icon.png"; sourceTree = "<group>"; };
		CB7D38D219DABA58006182EC /* flashlight-turn-on-icon@2x.png */ = {isa = PBXFileReference; lastKnownFileType = image.png; path = "flashlight-turn-on-icon@2x.png"; sourceTree = "<group>"; };
		CB7D38D419DABA58006182EC /* LICENSE-2.0.txt */ = {isa = PBXFileReference; fileEncoding = 4; lastKnownFileType = text; path = "LICENSE-2.0.txt"; sourceTree = "<group>"; };
		CB7D38D519DABA58006182EC /* poweredby.png */ = {isa = PBXFileReference; lastKnownFileType = image.png; path = poweredby.png; sourceTree = "<group>"; };
		CB7D38D619DABA58006182EC /* poweredby@2x.png */ = {isa = PBXFileReference; lastKnownFileType = image.png; path = "poweredby@2x.png"; sourceTree = "<group>"; };
		CB7D38D719DABA58006182EC /* ScanditSDKBarcodePicker.h */ = {isa = PBXFileReference; fileEncoding = 4; lastKnownFileType = sourcecode.c.h; path = ScanditSDKBarcodePicker.h; sourceTree = "<group>"; };
		CB7D38D819DABA58006182EC /* ScanditSDKOverlayController.h */ = {isa = PBXFileReference; fileEncoding = 4; lastKnownFileType = sourcecode.c.h; path = ScanditSDKOverlayController.h; sourceTree = "<group>"; };
		CB7D38ED19DABABC006182EC /* libc++.dylib */ = {isa = PBXFileReference; lastKnownFileType = "compiled.mach-o.dylib"; name = "libc++.dylib"; path = "usr/lib/libc++.dylib"; sourceTree = SDKROOT; };
		CB7D38EF19DABAC6006182EC /* libiconv.dylib */ = {isa = PBXFileReference; lastKnownFileType = "compiled.mach-o.dylib"; name = libiconv.dylib; path = usr/lib/libiconv.dylib; sourceTree = SDKROOT; };
		CB7D38F119DABACD006182EC /* CoreVideo.framework */ = {isa = PBXFileReference; lastKnownFileType = wrapper.framework; name = CoreVideo.framework; path = System/Library/Frameworks/CoreVideo.framework; sourceTree = SDKROOT; };
		CB7D38F319DABAD2006182EC /* UIKit.framework */ = {isa = PBXFileReference; lastKnownFileType = wrapper.framework; name = UIKit.framework; path = System/Library/Frameworks/UIKit.framework; sourceTree = SDKROOT; };
		CB7D38F519DABADB006182EC /* Foundation.framework */ = {isa = PBXFileReference; lastKnownFileType = wrapper.framework; name = Foundation.framework; path = System/Library/Frameworks/Foundation.framework; sourceTree = SDKROOT; };
		CB7D38F719DABAE3006182EC /* CoreGraphics.framework */ = {isa = PBXFileReference; lastKnownFileType = wrapper.framework; name = CoreGraphics.framework; path = System/Library/Frameworks/CoreGraphics.framework; sourceTree = SDKROOT; };
		CB7D38F919DABAEB006182EC /* AudioToolbox.framework */ = {isa = PBXFileReference; lastKnownFileType = wrapper.framework; name = AudioToolbox.framework; path = System/Library/Frameworks/AudioToolbox.framework; sourceTree = SDKROOT; };
		CB7D38FB19DABAFA006182EC /* libz.dylib */ = {isa = PBXFileReference; lastKnownFileType = "compiled.mach-o.dylib"; name = libz.dylib; path = usr/lib/libz.dylib; sourceTree = SDKROOT; };
		CB7D38FD19DABB07006182EC /* AVFoundation.framework */ = {isa = PBXFileReference; lastKnownFileType = wrapper.framework; name = AVFoundation.framework; path = System/Library/Frameworks/AVFoundation.framework; sourceTree = SDKROOT; };
		CB7D38FF19DABB10006182EC /* CoreMedia.framework */ = {isa = PBXFileReference; lastKnownFileType = wrapper.framework; name = CoreMedia.framework; path = System/Library/Frameworks/CoreMedia.framework; sourceTree = SDKROOT; };
		CB7D390119DABB18006182EC /* QuartzCore.framework */ = {isa = PBXFileReference; lastKnownFileType = wrapper.framework; name = QuartzCore.framework; path = System/Library/Frameworks/QuartzCore.framework; sourceTree = SDKROOT; };
		CB7D390319DABB20006182EC /* CoreLocation.framework */ = {isa = PBXFileReference; lastKnownFileType = wrapper.framework; name = CoreLocation.framework; path = System/Library/Frameworks/CoreLocation.framework; sourceTree = SDKROOT; };
		CB7D390519DABB2A006182EC /* SystemConfiguration.framework */ = {isa = PBXFileReference; lastKnownFileType = wrapper.framework; name = SystemConfiguration.framework; path = System/Library/Frameworks/SystemConfiguration.framework; sourceTree = SDKROOT; };
		CB8823E919DD464C00E41F21 /* IssuesListViewController.h */ = {isa = PBXFileReference; fileEncoding = 4; lastKnownFileType = sourcecode.c.h; path = IssuesListViewController.h; sourceTree = "<group>"; };
		CB8823EA19DD464C00E41F21 /* IssuesListViewController.m */ = {isa = PBXFileReference; fileEncoding = 4; lastKnownFileType = sourcecode.c.objc; path = IssuesListViewController.m; sourceTree = "<group>"; };
/* End PBXFileReference section */

/* Begin PBXFrameworksBuildPhase section */
		CB7D389419DA8F8F006182EC /* Frameworks */ = {
			isa = PBXFrameworksBuildPhase;
			buildActionMask = 2147483647;
			files = (
				CB243FB319DC4DF100E73DF4 /* Accounts.framework in Frameworks */,
				CB243FB119DC4DBC00E73DF4 /* Social.framework in Frameworks */,
				CB7D390619DABB2A006182EC /* SystemConfiguration.framework in Frameworks */,
				CB243FA919DC4AAE00E73DF4 /* StoreKit.framework in Frameworks */,
				CB243FA719DC4AA800E73DF4 /* Security.framework in Frameworks */,
				CB7D390219DABB18006182EC /* QuartzCore.framework in Frameworks */,
				CB243F2719DC2C2000E73DF4 /* MobileCoreServices.framework in Frameworks */,
				CB7D38FC19DABAFA006182EC /* libz.dylib in Frameworks */,
				CB7D390419DABB20006182EC /* CoreLocation.framework in Frameworks */,
				CB7D38F819DABAE3006182EC /* CoreGraphics.framework in Frameworks */,
				CB14E73119E9908B00546F1A /* libscanditsdk-iphone-4.2.1.a in Frameworks */,
				CB243F2519DC2C1000E73DF4 /* CFNetwork.framework in Frameworks */,
				CB7D38FA19DABAEB006182EC /* AudioToolbox.framework in Frameworks */,
				CB7D390019DABB10006182EC /* CoreMedia.framework in Frameworks */,
				CB7D38FE19DABB07006182EC /* AVFoundation.framework in Frameworks */,
				CB7D38F619DABADB006182EC /* Foundation.framework in Frameworks */,
				CB7D38F419DABAD2006182EC /* UIKit.framework in Frameworks */,
				CB7D38F219DABACD006182EC /* CoreVideo.framework in Frameworks */,
				CB243FA419DC4A0900E73DF4 /* Parse.framework in Frameworks */,
				CB7D38F019DABAC6006182EC /* libiconv.dylib in Frameworks */,
				CB7D38EE19DABABC006182EC /* libc++.dylib in Frameworks */,
				CB243FAB19DC4CDE00E73DF4 /* ParseFacebookUtils.framework in Frameworks */,
				CB243FB519DC4EAF00E73DF4 /* FacebookSDK.framework in Frameworks */,
			);
			runOnlyForDeploymentPostprocessing = 0;
		};
		CB7D38AD19DA8F8F006182EC /* Frameworks */ = {
			isa = PBXFrameworksBuildPhase;
			buildActionMask = 2147483647;
			files = (
			);
			runOnlyForDeploymentPostprocessing = 0;
		};
/* End PBXFrameworksBuildPhase section */

/* Begin PBXGroup section */
		CA7FDEEA399142EBB02F5C7D /* Frameworks */ = {
			isa = PBXGroup;
			children = (
				CB243FB419DC4EAF00E73DF4 /* FacebookSDK.framework */,
				CB243FB219DC4DF100E73DF4 /* Accounts.framework */,
				CB243FB019DC4DBC00E73DF4 /* Social.framework */,
				CB243FAE19DC4D6C00E73DF4 /* Twitter.framework */,
				CB243FAA19DC4CDE00E73DF4 /* ParseFacebookUtils.framework */,
				CB243FA819DC4AAE00E73DF4 /* StoreKit.framework */,
				CB243FA619DC4AA800E73DF4 /* Security.framework */,
				CB243F2619DC2C2000E73DF4 /* MobileCoreServices.framework */,
				CB243F2419DC2C1000E73DF4 /* CFNetwork.framework */,
				CB7D390519DABB2A006182EC /* SystemConfiguration.framework */,
				CB7D390319DABB20006182EC /* CoreLocation.framework */,
				CB7D390119DABB18006182EC /* QuartzCore.framework */,
				CB7D38FF19DABB10006182EC /* CoreMedia.framework */,
				CB7D38FD19DABB07006182EC /* AVFoundation.framework */,
				CB7D38FB19DABAFA006182EC /* libz.dylib */,
				CB7D38F919DABAEB006182EC /* AudioToolbox.framework */,
				CB7D38F719DABAE3006182EC /* CoreGraphics.framework */,
				CB7D38F519DABADB006182EC /* Foundation.framework */,
				CB7D38F319DABAD2006182EC /* UIKit.framework */,
				CB7D38F119DABACD006182EC /* CoreVideo.framework */,
				CB7D38EF19DABAC6006182EC /* libiconv.dylib */,
				CB7D38ED19DABABC006182EC /* libc++.dylib */,
				CB7D38C019DABA58006182EC /* ScanditSDK */,
				CB243FA019DC4A0900E73DF4 /* Bolts.framework */,
				CB243FA119DC4A0900E73DF4 /* Parse.framework */,
			);
			name = Frameworks;
			sourceTree = "<group>";
		};
		CB0C65CF19DDACA40046837A /* Library */ = {
			isa = PBXGroup;
			children = (
				CB0C65D019DDACC50046837A /* SWRevealViewController.m */,
				CB0C65D119DDACC50046837A /* SWRevealViewController.h */,
			);
			name = Library;
			sourceTree = "<group>";
		};
		CB6274D519E2D91A00A9C4BB /* Resources */ = {
			isa = PBXGroup;
			children = (
				CB6274D619E2D92200A9C4BB /* Fonts */,
			);
			name = Resources;
			sourceTree = "<group>";
		};
		CB6274D619E2D92200A9C4BB /* Fonts */ = {
			isa = PBXGroup;
			children = (
				CB6274D719E2D93E00A9C4BB /* PTC75F.ttf */,
			);
			name = Fonts;
			sourceTree = "<group>";
		};
		CB7D388E19DA8F8F006182EC = {
			isa = PBXGroup;
			children = (
				CB7D389919DA8F8F006182EC /* helpDeskObjC */,
				CB7D38B319DA8F8F006182EC /* helpDeskObjCTests */,
				CB7D389819DA8F8F006182EC /* Products */,
				CA7FDEEA399142EBB02F5C7D /* Frameworks */,
			);
			sourceTree = "<group>";
		};
		CB7D389819DA8F8F006182EC /* Products */ = {
			isa = PBXGroup;
			children = (
				CB7D389719DA8F8F006182EC /* helpDeskObjC.app */,
				CB7D38B019DA8F8F006182EC /* helpDeskObjCTests.xctest */,
			);
			name = Products;
			sourceTree = "<group>";
		};
		CB7D389919DA8F8F006182EC /* helpDeskObjC */ = {
			isa = PBXGroup;
			children = (
				CB7D389E19DA8F8F006182EC /* AppDelegate.h */,
				CB6274D519E2D91A00A9C4BB /* Resources */,
				CB0C65CF19DDACA40046837A /* Library */,
				CB7D389F19DA8F8F006182EC /* AppDelegate.m */,
				CB7D38A119DA8F8F006182EC /* MainViewController.h */,
				CB7D38A219DA8F8F006182EC /* MainViewController.m */,
				CB0C65D619DEA49D0046837A /* LeftMenuViewController.h */,
				CB0C65D719DEA49D0046837A /* LeftMenuViewController.m */,
				CB8823E919DD464C00E41F21 /* IssuesListViewController.h */,
				CB8823EA19DD464C00E41F21 /* IssuesListViewController.m */,
				CB7D38A419DA8F8F006182EC /* Main.storyboard */,
				CB7D38A719DA8F8F006182EC /* Images.xcassets */,
				CB7D38A919DA8F8F006182EC /* LaunchScreen.xib */,
				CB7D389A19DA8F8F006182EC /* Supporting Files */,
			);
			path = helpDeskObjC;
			sourceTree = "<group>";
		};
		CB7D389A19DA8F8F006182EC /* Supporting Files */ = {
			isa = PBXGroup;
			children = (
				CB7D389B19DA8F8F006182EC /* Info.plist */,
				CB7D389C19DA8F8F006182EC /* main.m */,
			);
			name = "Supporting Files";
			sourceTree = "<group>";
		};
		CB7D38B319DA8F8F006182EC /* helpDeskObjCTests */ = {
			isa = PBXGroup;
			children = (
				CB7D38B619DA8F8F006182EC /* helpDeskObjCTests.m */,
				CB7D38B419DA8F8F006182EC /* Supporting Files */,
			);
			path = helpDeskObjCTests;
			sourceTree = "<group>";
		};
		CB7D38B419DA8F8F006182EC /* Supporting Files */ = {
			isa = PBXGroup;
			children = (
				CB7D38B519DA8F8F006182EC /* Info.plist */,
			);
			name = "Supporting Files";
			sourceTree = "<group>";
		};
		CB7D38C019DABA58006182EC /* ScanditSDK */ = {
			isa = PBXGroup;
			children = (
				CB7D38C119DABA58006182EC /* beep.wav */,
				CB7D38C219DABA58006182EC /* camera-swap-icon-pressed.png */,
				CB7D38C319DABA58006182EC /* camera-swap-icon-pressed@2x.png */,
				CB7D38C419DABA58006182EC /* camera-swap-icon.png */,
				CB7D38C519DABA58006182EC /* camera-swap-icon@2x.png */,
				CB7D38C619DABA58006182EC /* CHANGELOG.txt */,
				CB7D38C719DABA58006182EC /* scanditsdk.strings */,
				CB14E73019E9908B00546F1A /* libscanditsdk-iphone-4.2.1.a */,
				CB7D38C919DABA58006182EC /* empty.cpp */,
				CB7D38CB19DABA58006182EC /* flashlight-turn-off-icon-pressed.png */,
				CB7D38CC19DABA58006182EC /* flashlight-turn-off-icon-pressed@2x.png */,
				CB7D38CD19DABA58006182EC /* flashlight-turn-off-icon.png */,
				CB7D38CE19DABA58006182EC /* flashlight-turn-off-icon@2x.png */,
				CB7D38CF19DABA58006182EC /* flashlight-turn-on-icon-pressed.png */,
				CB7D38D019DABA58006182EC /* flashlight-turn-on-icon-pressed@2x.png */,
				CB7D38D119DABA58006182EC /* flashlight-turn-on-icon.png */,
				CB7D38D219DABA58006182EC /* flashlight-turn-on-icon@2x.png */,
				CB7D38D419DABA58006182EC /* LICENSE-2.0.txt */,
				CB7D38D519DABA58006182EC /* poweredby.png */,
				CB7D38D619DABA58006182EC /* poweredby@2x.png */,
				CB7D38D719DABA58006182EC /* ScanditSDKBarcodePicker.h */,
				CB7D38D819DABA58006182EC /* ScanditSDKOverlayController.h */,
			);
			path = ScanditSDK;
			sourceTree = "<group>";
		};
/* End PBXGroup section */

/* Begin PBXNativeTarget section */
		CB7D389619DA8F8F006182EC /* helpDeskObjC */ = {
			isa = PBXNativeTarget;
			buildConfigurationList = CB7D38BA19DA8F8F006182EC /* Build configuration list for PBXNativeTarget "helpDeskObjC" */;
			buildPhases = (
				CB7D389319DA8F8F006182EC /* Sources */,
				CB7D389419DA8F8F006182EC /* Frameworks */,
				CB7D389519DA8F8F006182EC /* Resources */,
			);
			buildRules = (
			);
			dependencies = (
			);
			name = helpDeskObjC;
			productName = helpDeskObjC;
			productReference = CB7D389719DA8F8F006182EC /* helpDeskObjC.app */;
			productType = "com.apple.product-type.application";
		};
		CB7D38AF19DA8F8F006182EC /* helpDeskObjCTests */ = {
			isa = PBXNativeTarget;
			buildConfigurationList = CB7D38BD19DA8F8F006182EC /* Build configuration list for PBXNativeTarget "helpDeskObjCTests" */;
			buildPhases = (
				CB7D38AC19DA8F8F006182EC /* Sources */,
				CB7D38AD19DA8F8F006182EC /* Frameworks */,
				CB7D38AE19DA8F8F006182EC /* Resources */,
			);
			buildRules = (
			);
			dependencies = (
				CB7D38B219DA8F8F006182EC /* PBXTargetDependency */,
			);
			name = helpDeskObjCTests;
			productName = helpDeskObjCTests;
			productReference = CB7D38B019DA8F8F006182EC /* helpDeskObjCTests.xctest */;
			productType = "com.apple.product-type.bundle.unit-test";
		};
/* End PBXNativeTarget section */

/* Begin PBXProject section */
		CB7D388F19DA8F8F006182EC /* Project object */ = {
			isa = PBXProject;
			attributes = {
				LastUpgradeCheck = 0600;
				ORGANIZATIONNAME = "Alexey Chulochnikov";
				TargetAttributes = {
					CB7D389619DA8F8F006182EC = {
						CreatedOnToolsVersion = 6.0;
					};
					CB7D38AF19DA8F8F006182EC = {
						CreatedOnToolsVersion = 6.0;
						TestTargetID = CB7D389619DA8F8F006182EC;
					};
				};
			};
			buildConfigurationList = CB7D389219DA8F8F006182EC /* Build configuration list for PBXProject "helpDeskObjC" */;
			compatibilityVersion = "Xcode 3.2";
			developmentRegion = English;
			hasScannedForEncodings = 0;
			knownRegions = (
				en,
				Base,
				de,
			);
			mainGroup = CB7D388E19DA8F8F006182EC;
			productRefGroup = CB7D389819DA8F8F006182EC /* Products */;
			projectDirPath = "";
			projectRoot = "";
			targets = (
				CB7D389619DA8F8F006182EC /* helpDeskObjC */,
				CB7D38AF19DA8F8F006182EC /* helpDeskObjCTests */,
			);
		};
/* End PBXProject section */

/* Begin PBXResourcesBuildPhase section */
		CB7D389519DA8F8F006182EC /* Resources */ = {
			isa = PBXResourcesBuildPhase;
			buildActionMask = 2147483647;
			files = (
				CB7D38E519DABA58006182EC /* flashlight-turn-on-icon-pressed.png in Resources */,
				CB7D38EA19DABA58006182EC /* LICENSE-2.0.txt in Resources */,
				CB7D38E719DABA58006182EC /* flashlight-turn-on-icon.png in Resources */,
				CB7D38DF19DABA58006182EC /* scanditsdk.strings in Resources */,
				CB7D38E619DABA58006182EC /* flashlight-turn-on-icon-pressed@2x.png in Resources */,
				CB7D38EB19DABA58006182EC /* poweredby.png in Resources */,
				CB7D38DB19DABA58006182EC /* camera-swap-icon-pressed@2x.png in Resources */,
				CB7D38D919DABA58006182EC /* beep.wav in Resources */,
				CB7D38A619DA8F8F006182EC /* Main.storyboard in Resources */,
				CB7D38DD19DABA58006182EC /* camera-swap-icon@2x.png in Resources */,
				CB7D38E219DABA58006182EC /* flashlight-turn-off-icon-pressed@2x.png in Resources */,
				CB6274D819E2D95500A9C4BB /* PTC75F.ttf in Resources */,
				CB7D38DE19DABA58006182EC /* CHANGELOG.txt in Resources */,
				CB7D38E319DABA58006182EC /* flashlight-turn-off-icon.png in Resources */,
				CB7D38DC19DABA58006182EC /* camera-swap-icon.png in Resources */,
				CB7D38E119DABA58006182EC /* flashlight-turn-off-icon-pressed.png in Resources */,
				CB7D38E819DABA58006182EC /* flashlight-turn-on-icon@2x.png in Resources */,
				CB7D38AB19DA8F8F006182EC /* LaunchScreen.xib in Resources */,
				CB7D38EC19DABA58006182EC /* poweredby@2x.png in Resources */,
				CB7D38A819DA8F8F006182EC /* Images.xcassets in Resources */,
				CB7D38E419DABA58006182EC /* flashlight-turn-off-icon@2x.png in Resources */,
				CB7D38DA19DABA58006182EC /* camera-swap-icon-pressed.png in Resources */,
			);
			runOnlyForDeploymentPostprocessing = 0;
		};
		CB7D38AE19DA8F8F006182EC /* Resources */ = {
			isa = PBXResourcesBuildPhase;
			buildActionMask = 2147483647;
			files = (
			);
			runOnlyForDeploymentPostprocessing = 0;
		};
/* End PBXResourcesBuildPhase section */

/* Begin PBXSourcesBuildPhase section */
		CB7D389319DA8F8F006182EC /* Sources */ = {
			isa = PBXSourcesBuildPhase;
			buildActionMask = 2147483647;
			files = (
				CB7D38A319DA8F8F006182EC /* MainViewController.m in Sources */,
				CB7D38E019DABA58006182EC /* empty.cpp in Sources */,
				CB7D38A019DA8F8F006182EC /* AppDelegate.m in Sources */,
				CB8823EB19DD464C00E41F21 /* IssuesListViewController.m in Sources */,
				CB0C65D819DEA49D0046837A /* LeftMenuViewController.m in Sources */,
				CB7D389D19DA8F8F006182EC /* main.m in Sources */,
				CB0C65D219DDACC50046837A /* SWRevealViewController.m in Sources */,
			);
			runOnlyForDeploymentPostprocessing = 0;
		};
		CB7D38AC19DA8F8F006182EC /* Sources */ = {
			isa = PBXSourcesBuildPhase;
			buildActionMask = 2147483647;
			files = (
				CB7D38B719DA8F8F006182EC /* helpDeskObjCTests.m in Sources */,
			);
			runOnlyForDeploymentPostprocessing = 0;
		};
/* End PBXSourcesBuildPhase section */

/* Begin PBXTargetDependency section */
		CB7D38B219DA8F8F006182EC /* PBXTargetDependency */ = {
			isa = PBXTargetDependency;
			target = CB7D389619DA8F8F006182EC /* helpDeskObjC */;
			targetProxy = CB7D38B119DA8F8F006182EC /* PBXContainerItemProxy */;
		};
/* End PBXTargetDependency section */

/* Begin PBXVariantGroup section */
		CB7D38A419DA8F8F006182EC /* Main.storyboard */ = {
			isa = PBXVariantGroup;
			children = (
				CB7D38A519DA8F8F006182EC /* Base */,
			);
			name = Main.storyboard;
			sourceTree = "<group>";
		};
		CB7D38A919DA8F8F006182EC /* LaunchScreen.xib */ = {
			isa = PBXVariantGroup;
			children = (
				CB7D38AA19DA8F8F006182EC /* Base */,
			);
			name = LaunchScreen.xib;
			sourceTree = "<group>";
		};
		CB7D38C719DABA58006182EC /* scanditsdk.strings */ = {
			isa = PBXVariantGroup;
			children = (
				CB7D38C819DABA58006182EC /* de */,
				CB7D38CA19DABA58006182EC /* en */,
			);
			name = scanditsdk.strings;
			sourceTree = "<group>";
		};
/* End PBXVariantGroup section */

/* Begin XCBuildConfiguration section */
		CB7D38B819DA8F8F006182EC /* Debug */ = {
			isa = XCBuildConfiguration;
			buildSettings = {
				ALWAYS_SEARCH_USER_PATHS = NO;
				CLANG_CXX_LANGUAGE_STANDARD = "gnu++0x";
				CLANG_CXX_LIBRARY = "libc++";
				CLANG_ENABLE_MODULES = YES;
				CLANG_ENABLE_OBJC_ARC = YES;
				CLANG_WARN_BOOL_CONVERSION = YES;
				CLANG_WARN_CONSTANT_CONVERSION = YES;
				CLANG_WARN_DIRECT_OBJC_ISA_USAGE = YES_ERROR;
				CLANG_WARN_EMPTY_BODY = YES;
				CLANG_WARN_ENUM_CONVERSION = YES;
				CLANG_WARN_INT_CONVERSION = YES;
				CLANG_WARN_OBJC_ROOT_CLASS = YES_ERROR;
				CLANG_WARN_UNREACHABLE_CODE = YES;
				CLANG_WARN__DUPLICATE_METHOD_MATCH = YES;
				"CODE_SIGN_IDENTITY[sdk=iphoneos*]" = "iPhone Developer";
				COPY_PHASE_STRIP = NO;
				ENABLE_STRICT_OBJC_MSGSEND = YES;
				GCC_C_LANGUAGE_STANDARD = gnu99;
				GCC_DYNAMIC_NO_PIC = NO;
				GCC_OPTIMIZATION_LEVEL = 0;
				GCC_PREPROCESSOR_DEFINITIONS = (
					"DEBUG=1",
					"$(inherited)",
				);
				GCC_SYMBOLS_PRIVATE_EXTERN = NO;
				GCC_WARN_64_TO_32_BIT_CONVERSION = YES;
				GCC_WARN_ABOUT_RETURN_TYPE = YES_ERROR;
				GCC_WARN_UNDECLARED_SELECTOR = YES;
				GCC_WARN_UNINITIALIZED_AUTOS = YES_AGGRESSIVE;
				GCC_WARN_UNUSED_FUNCTION = YES;
				GCC_WARN_UNUSED_VARIABLE = YES;
				IPHONEOS_DEPLOYMENT_TARGET = 8.0;
				MTL_ENABLE_DEBUG_INFO = YES;
				ONLY_ACTIVE_ARCH = YES;
				SDKROOT = iphoneos;
				TARGETED_DEVICE_FAMILY = "1,2";
			};
			name = Debug;
		};
		CB7D38B919DA8F8F006182EC /* Release */ = {
			isa = XCBuildConfiguration;
			buildSettings = {
				ALWAYS_SEARCH_USER_PATHS = NO;
				CLANG_CXX_LANGUAGE_STANDARD = "gnu++0x";
				CLANG_CXX_LIBRARY = "libc++";
				CLANG_ENABLE_MODULES = YES;
				CLANG_ENABLE_OBJC_ARC = YES;
				CLANG_WARN_BOOL_CONVERSION = YES;
				CLANG_WARN_CONSTANT_CONVERSION = YES;
				CLANG_WARN_DIRECT_OBJC_ISA_USAGE = YES_ERROR;
				CLANG_WARN_EMPTY_BODY = YES;
				CLANG_WARN_ENUM_CONVERSION = YES;
				CLANG_WARN_INT_CONVERSION = YES;
				CLANG_WARN_OBJC_ROOT_CLASS = YES_ERROR;
				CLANG_WARN_UNREACHABLE_CODE = YES;
				CLANG_WARN__DUPLICATE_METHOD_MATCH = YES;
				"CODE_SIGN_IDENTITY[sdk=iphoneos*]" = "iPhone Developer";
				COPY_PHASE_STRIP = YES;
				ENABLE_NS_ASSERTIONS = NO;
				ENABLE_STRICT_OBJC_MSGSEND = YES;
				GCC_C_LANGUAGE_STANDARD = gnu99;
				GCC_WARN_64_TO_32_BIT_CONVERSION = YES;
				GCC_WARN_ABOUT_RETURN_TYPE = YES_ERROR;
				GCC_WARN_UNDECLARED_SELECTOR = YES;
				GCC_WARN_UNINITIALIZED_AUTOS = YES_AGGRESSIVE;
				GCC_WARN_UNUSED_FUNCTION = YES;
				GCC_WARN_UNUSED_VARIABLE = YES;
				IPHONEOS_DEPLOYMENT_TARGET = 8.0;
				MTL_ENABLE_DEBUG_INFO = NO;
				SDKROOT = iphoneos;
				TARGETED_DEVICE_FAMILY = "1,2";
				VALIDATE_PRODUCT = YES;
			};
			name = Release;
		};
		CB7D38BB19DA8F8F006182EC /* Debug */ = {
			isa = XCBuildConfiguration;
			buildSettings = {
				ASSETCATALOG_COMPILER_APPICON_NAME = AppIcon;
				FRAMEWORK_SEARCH_PATHS = (
					"$(inherited)",
					"$(PROJECT_DIR)",
				);
				INFOPLIST_FILE = helpDeskObjC/Info.plist;
				LD_RUNPATH_SEARCH_PATHS = "$(inherited) @executable_path/Frameworks";
				LIBRARY_SEARCH_PATHS = (
					"$(inherited)",
					"$(PROJECT_DIR)/ScanditSDK",
				);
				PRODUCT_NAME = "$(TARGET_NAME)";
				TARGETED_DEVICE_FAMILY = 1;
			};
			name = Debug;
		};
		CB7D38BC19DA8F8F006182EC /* Release */ = {
			isa = XCBuildConfiguration;
			buildSettings = {
				ASSETCATALOG_COMPILER_APPICON_NAME = AppIcon;
				FRAMEWORK_SEARCH_PATHS = (
					"$(inherited)",
					"$(PROJECT_DIR)",
				);
				INFOPLIST_FILE = helpDeskObjC/Info.plist;
				LD_RUNPATH_SEARCH_PATHS = "$(inherited) @executable_path/Frameworks";
				LIBRARY_SEARCH_PATHS = (
					"$(inherited)",
					"$(PROJECT_DIR)/ScanditSDK",
				);
				PRODUCT_NAME = "$(TARGET_NAME)";
				TARGETED_DEVICE_FAMILY = 1;
			};
			name = Release;
		};
		CB7D38BE19DA8F8F006182EC /* Debug */ = {
			isa = XCBuildConfiguration;
			buildSettings = {
				BUNDLE_LOADER = "$(TEST_HOST)";
				FRAMEWORK_SEARCH_PATHS = (
					"$(SDKROOT)/Developer/Library/Frameworks",
					"$(inherited)",
				);
				GCC_PREPROCESSOR_DEFINITIONS = (
					"DEBUG=1",
					"$(inherited)",
				);
				INFOPLIST_FILE = helpDeskObjCTests/Info.plist;
				LD_RUNPATH_SEARCH_PATHS = "$(inherited) @executable_path/Frameworks @loader_path/Frameworks";
				PRODUCT_NAME = "$(TARGET_NAME)";
				TEST_HOST = "$(BUILT_PRODUCTS_DIR)/helpDeskObjC.app/helpDeskObjC";
			};
			name = Debug;
		};
		CB7D38BF19DA8F8F006182EC /* Release */ = {
			isa = XCBuildConfiguration;
			buildSettings = {
				BUNDLE_LOADER = "$(TEST_HOST)";
				FRAMEWORK_SEARCH_PATHS = (
					"$(SDKROOT)/Developer/Library/Frameworks",
					"$(inherited)",
				);
				INFOPLIST_FILE = helpDeskObjCTests/Info.plist;
				LD_RUNPATH_SEARCH_PATHS = "$(inherited) @executable_path/Frameworks @loader_path/Frameworks";
				PRODUCT_NAME = "$(TARGET_NAME)";
				TEST_HOST = "$(BUILT_PRODUCTS_DIR)/helpDeskObjC.app/helpDeskObjC";
			};
			name = Release;
		};
/* End XCBuildConfiguration section */

/* Begin XCConfigurationList section */
		CB7D389219DA8F8F006182EC /* Build configuration list for PBXProject "helpDeskObjC" */ = {
			isa = XCConfigurationList;
			buildConfigurations = (
				CB7D38B819DA8F8F006182EC /* Debug */,
				CB7D38B919DA8F8F006182EC /* Release */,
			);
			defaultConfigurationIsVisible = 0;
			defaultConfigurationName = Release;
		};
		CB7D38BA19DA8F8F006182EC /* Build configuration list for PBXNativeTarget "helpDeskObjC" */ = {
			isa = XCConfigurationList;
			buildConfigurations = (
				CB7D38BB19DA8F8F006182EC /* Debug */,
				CB7D38BC19DA8F8F006182EC /* Release */,
			);
			defaultConfigurationIsVisible = 0;
			defaultConfigurationName = Release;
		};
		CB7D38BD19DA8F8F006182EC /* Build configuration list for PBXNativeTarget "helpDeskObjCTests" */ = {
			isa = XCConfigurationList;
			buildConfigurations = (
				CB7D38BE19DA8F8F006182EC /* Debug */,
				CB7D38BF19DA8F8F006182EC /* Release */,
			);
			defaultConfigurationIsVisible = 0;
			defaultConfigurationName = Release;
		};
/* End XCConfigurationList section */
	};
	rootObject = CB7D388F19DA8F8F006182EC /* Project object */;
}
